
Microsoft Visual Studio Solution File, Format Version 12.00
# Visual Studio Version 17
VisualStudioVersion = 17.1.32210.238
MinimumVisualStudioVersion = 10.0.40219.1
Project("{FAE04EC0-301F-11D3-BF4B-00C04F79EFBC}") = "WinFormsGiris", "WinFormsGiris\WinFormsGiris.csproj", "{AF04E8FF-FB3A-493A-B7F0-2217652D6678}"
EndProject
Global
	GlobalSection(SolutionConfigurationPlatforms) = preSolution
		Debug|Any CPU = Debug|Any CPU
		Release|Any CPU = Release|Any CPU
	EndGlobalSection
	GlobalSection(ProjectConfigurationPlatforms) = postSolution
		{AF04E8FF-FB3A-493A-B7F0-2217652D6678}.Debug|Any CPU.ActiveCfg = Debug|Any CPU
		{AF04E8FF-FB3A-493A-B7F0-2217652D6678}.Debug|Any CPU.Build.0 = Debug|Any CPU
		{AF04E8FF-FB3A-493A-B7F0-2217652D6678}.Release|Any CPU.ActiveCfg = Release|Any CPU
		{AF04E8FF-FB3A-493A-B7F0-2217652D6678}.Release|Any CPU.Build.0 = Release|Any CPU
	EndGlobalSection
	GlobalSection(SolutionProperties) = preSolution
		HideSolutionNode = FALSE
	EndGlobalSection
	GlobalSection(ExtensibilityGlobals) = postSolution
		SolutionGuid = {0D0DC2CC-C966-4AA3-879E-E126EDE8E732}
	EndGlobalSection
EndGlobal
